
Microsoft Visual Studio Solution File, Format Version 12.00
# Visual Studio Version 17
VisualStudioVersion = 17.0.31903.59
MinimumVisualStudioVersion = 10.0.40219.1
Project("{FAE04EC0-301F-11D3-BF4B-00C04F79EFBC}") = "hydro_app", "hydro_app\hydro_app.csproj", "{666CB4E9-31BA-4462-A428-047266649887}"
EndProject
Project("{FAE04EC0-301F-11D3-BF4B-00C04F79EFBC}") = "hydrolizer", "hydrolizer\hydrolizer.csproj", "{34C91C2A-53FF-4A06-B824-9AEBE5F1D79D}"
EndProject
Project("{FAE04EC0-301F-11D3-BF4B-00C04F79EFBC}") = "embedded_templates", "embedded_templates\embedded_templates.csproj", "{A1C9E24E-D07B-479A-A012-4AEEE38910D8}"
EndProject
Global
	GlobalSection(SolutionConfigurationPlatforms) = preSolution
		Debug|Any CPU = Debug|Any CPU
		Debug|x64 = Debug|x64
		Debug|x86 = Debug|x86
		Release|Any CPU = Release|Any CPU
		Release|x64 = Release|x64
		Release|x86 = Release|x86
	EndGlobalSection
	GlobalSection(ProjectConfigurationPlatforms) = postSolution
		{666CB4E9-31BA-4462-A428-047266649887}.Debug|Any CPU.ActiveCfg = Debug|Any CPU
		{666CB4E9-31BA-4462-A428-047266649887}.Debug|Any CPU.Build.0 = Debug|Any CPU
		{666CB4E9-31BA-4462-A428-047266649887}.Debug|x64.ActiveCfg = Debug|Any CPU
		{666CB4E9-31BA-4462-A428-047266649887}.Debug|x64.Build.0 = Debug|Any CPU
		{666CB4E9-31BA-4462-A428-047266649887}.Debug|x86.ActiveCfg = Debug|Any CPU
		{666CB4E9-31BA-4462-A428-047266649887}.Debug|x86.Build.0 = Debug|Any CPU
		{666CB4E9-31BA-4462-A428-047266649887}.Release|Any CPU.ActiveCfg = Release|Any CPU
		{666CB4E9-31BA-4462-A428-047266649887}.Release|Any CPU.Build.0 = Release|Any CPU
		{666CB4E9-31BA-4462-A428-047266649887}.Release|x64.ActiveCfg = Release|Any CPU
		{666CB4E9-31BA-4462-A428-047266649887}.Release|x64.Build.0 = Release|Any CPU
		{666CB4E9-31BA-4462-A428-047266649887}.Release|x86.ActiveCfg = Release|Any CPU
		{666CB4E9-31BA-4462-A428-047266649887}.Release|x86.Build.0 = Release|Any CPU
		{34C91C2A-53FF-4A06-B824-9AEBE5F1D79D}.Debug|Any CPU.ActiveCfg = Debug|Any CPU
		{34C91C2A-53FF-4A06-B824-9AEBE5F1D79D}.Debug|Any CPU.Build.0 = Debug|Any CPU
		{34C91C2A-53FF-4A06-B824-9AEBE5F1D79D}.Debug|x64.ActiveCfg = Debug|Any CPU
		{34C91C2A-53FF-4A06-B824-9AEBE5F1D79D}.Debug|x64.Build.0 = Debug|Any CPU
		{34C91C2A-53FF-4A06-B824-9AEBE5F1D79D}.Debug|x86.ActiveCfg = Debug|Any CPU
		{34C91C2A-53FF-4A06-B824-9AEBE5F1D79D}.Debug|x86.Build.0 = Debug|Any CPU
		{34C91C2A-53FF-4A06-B824-9AEBE5F1D79D}.Release|Any CPU.ActiveCfg = Release|Any CPU
		{34C91C2A-53FF-4A06-B824-9AEBE5F1D79D}.Release|Any CPU.Build.0 = Release|Any CPU
		{34C91C2A-53FF-4A06-B824-9AEBE5F1D79D}.Release|x64.ActiveCfg = Release|Any CPU
		{34C91C2A-53FF-4A06-B824-9AEBE5F1D79D}.Release|x64.Build.0 = Release|Any CPU
		{34C91C2A-53FF-4A06-B824-9AEBE5F1D79D}.Release|x86.ActiveCfg = Release|Any CPU
		{34C91C2A-53FF-4A06-B824-9AEBE5F1D79D}.Release|x86.Build.0 = Release|Any CPU
		{A1C9E24E-D07B-479A-A012-4AEEE38910D8}.Debug|Any CPU.ActiveCfg = Debug|Any CPU
		{A1C9E24E-D07B-479A-A012-4AEEE38910D8}.Debug|Any CPU.Build.0 = Debug|Any CPU
		{A1C9E24E-D07B-479A-A012-4AEEE38910D8}.Debug|x64.ActiveCfg = Debug|Any CPU
		{A1C9E24E-D07B-479A-A012-4AEEE38910D8}.Debug|x64.Build.0 = Debug|Any CPU
		{A1C9E24E-D07B-479A-A012-4AEEE38910D8}.Debug|x86.ActiveCfg = Debug|Any CPU
		{A1C9E24E-D07B-479A-A012-4AEEE38910D8}.Debug|x86.Build.0 = Debug|Any CPU
		{A1C9E24E-D07B-479A-A012-4AEEE38910D8}.Release|Any CPU.ActiveCfg = Release|Any CPU
		{A1C9E24E-D07B-479A-A012-4AEEE38910D8}.Release|Any CPU.Build.0 = Release|Any CPU
		{A1C9E24E-D07B-479A-A012-4AEEE38910D8}.Release|x64.ActiveCfg = Release|Any CPU
		{A1C9E24E-D07B-479A-A012-4AEEE38910D8}.Release|x64.Build.0 = Release|Any CPU
		{A1C9E24E-D07B-479A-A012-4AEEE38910D8}.Release|x86.ActiveCfg = Release|Any CPU
		{A1C9E24E-D07B-479A-A012-4AEEE38910D8}.Release|x86.Build.0 = Release|Any CPU
	EndGlobalSection
	GlobalSection(SolutionProperties) = preSolution
		HideSolutionNode = FALSE
	EndGlobalSection
EndGlobal
