
Microsoft Visual Studio Solution File, Format Version 12.00
# Visual Studio Version 17
VisualStudioVersion = 17.0.31903.59
MinimumVisualStudioVersion = 10.0.40219.1
Project("{FAE04EC0-301F-11D3-BF4B-00C04F79EFBC}") = "hydro_app", "hydro_app\hydro_app.csproj", "{666CB4E9-31BA-4462-A428-047266649887}"
EndProject
Project("{FAE04EC0-301F-11D3-BF4B-00C04F79EFBC}") = "hydrolizer", "hydrolizer\hydrolizer.csproj", "{34C91C2A-53FF-4A06-B824-9AEBE5F1D79D}"
EndProject
Project("{FAE04EC0-301F-11D3-BF4B-00C04F79EFBC}") = "embedded_templates", "embedded_templates\embedded_templates.csproj", "{A1C9E24E-D07B-479A-A012-4AEEE38910D8}"
EndProject
Project("{FAE04EC0-301F-11D3-BF4B-00C04F79EFBC}") = "sharpify_web", "..\..\personal\sharpify_web\sharpify_web.csproj", "{C1717795-CD78-4A7F-B37A-76B7BCB636C3}"
EndProject
Project("{FAE04EC0-301F-11D3-BF4B-00C04F79EFBC}") = "sqil", "..\..\personal\sqil\sqil.csproj", "{EADB5960-DC4B-466F-AF3F-11F28C444B6B}"
EndProject
Project("{FAE04EC0-301F-11D3-BF4B-00C04F79EFBC}") = "sqil.generators", "..\..\personal\sqil.generators\sqil.generators.csproj", "{E075B47A-B0B6-44B9-AEE4-8286BDD19842}"
EndProject
Project("{FAE04EC0-301F-11D3-BF4B-00C04F79EFBC}") = "CodeMechanic.Airtable", "..\..\personal\CodeMechanic.Airtable\CodeMechanic.Airtable.csproj", "{DCB220F2-9A7A-4210-91FC-B6B2B92D1316}"
EndProject
Project("{FAE04EC0-301F-11D3-BF4B-00C04F79EFBC}") = "CodeMechanic.Packmutt", "..\..\personal\CodeMechanic.Packmutt\CodeMechanic.Packmutt.csproj", "{0E72012E-794C-4E98-B4FB-CE8438AC7F35}"
EndProject
Project("{FAE04EC0-301F-11D3-BF4B-00C04F79EFBC}") = "CodeMechanic.RegularExpressions", "..\..\personal\code_mechanic\CodeMechanic.RegularExpressions\CodeMechanic.RegularExpressions.csproj", "{3F5312FF-F806-4903-A568-C9E17C77AE32}"
EndProject
Project("{FAE04EC0-301F-11D3-BF4B-00C04F79EFBC}") = "CodeMechanic.RegularExpressions.UnitTests", "..\..\personal\code_mechanic\CodeMechanic.RegularExpressions.UnitTests\CodeMechanic.RegularExpressions.UnitTests.csproj", "{D2DD8C7A-98F0-48BC-8886-888AB9992D4A}"
EndProject
Project("{FAE04EC0-301F-11D3-BF4B-00C04F79EFBC}") = "slnext", "..\..\personal\slnext\slnext.csproj", "{3A296805-AEDF-46D2-A2D2-B09E962DC0CF}"
EndProject
Project("{FAE04EC0-301F-11D3-BF4B-00C04F79EFBC}") = "mann", "..\..\personal\mann\mann.csproj", "{F4670B4D-C14D-45CB-81E1-920AB63836FC}"
EndProject
Project("{FAE04EC0-301F-11D3-BF4B-00C04F79EFBC}") = "Sharpify.Tests", "..\..\personal\Sharpify.Tests\Sharpify.Tests.csproj", "{C2B39C45-8A7D-431B-A40C-F2F5993E984C}"
EndProject
Project("{FAE04EC0-301F-11D3-BF4B-00C04F79EFBC}") = "Sharpify.Core", "..\..\personal\Sharpify.Core\Sharpify.Core.csproj", "{76708DD0-DE1D-4EFC-8B0C-232B79442E9F}"
EndProject
Project("{FAE04EC0-301F-11D3-BF4B-00C04F79EFBC}") = "thecodemechanic", "..\..\personal\thecodemechanic\thecodemechanic.csproj", "{74A45DBB-B70D-45ED-A7D6-88D16F49713B}"
EndProject
Global
	GlobalSection(SolutionConfigurationPlatforms) = preSolution
		Debug|Any CPU = Debug|Any CPU
		Debug|x64 = Debug|x64
		Debug|x86 = Debug|x86
		Release|Any CPU = Release|Any CPU
		Release|x64 = Release|x64
		Release|x86 = Release|x86
	EndGlobalSection
	GlobalSection(ProjectConfigurationPlatforms) = postSolution
		{666CB4E9-31BA-4462-A428-047266649887}.Debug|Any CPU.ActiveCfg = Debug|Any CPU
		{666CB4E9-31BA-4462-A428-047266649887}.Debug|Any CPU.Build.0 = Debug|Any CPU
		{666CB4E9-31BA-4462-A428-047266649887}.Debug|x64.ActiveCfg = Debug|Any CPU
		{666CB4E9-31BA-4462-A428-047266649887}.Debug|x64.Build.0 = Debug|Any CPU
		{666CB4E9-31BA-4462-A428-047266649887}.Debug|x86.ActiveCfg = Debug|Any CPU
		{666CB4E9-31BA-4462-A428-047266649887}.Debug|x86.Build.0 = Debug|Any CPU
		{666CB4E9-31BA-4462-A428-047266649887}.Release|Any CPU.ActiveCfg = Release|Any CPU
		{666CB4E9-31BA-4462-A428-047266649887}.Release|Any CPU.Build.0 = Release|Any CPU
		{666CB4E9-31BA-4462-A428-047266649887}.Release|x64.ActiveCfg = Release|Any CPU
		{666CB4E9-31BA-4462-A428-047266649887}.Release|x64.Build.0 = Release|Any CPU
		{666CB4E9-31BA-4462-A428-047266649887}.Release|x86.ActiveCfg = Release|Any CPU
		{666CB4E9-31BA-4462-A428-047266649887}.Release|x86.Build.0 = Release|Any CPU
		{34C91C2A-53FF-4A06-B824-9AEBE5F1D79D}.Debug|Any CPU.ActiveCfg = Debug|Any CPU
		{34C91C2A-53FF-4A06-B824-9AEBE5F1D79D}.Debug|Any CPU.Build.0 = Debug|Any CPU
		{34C91C2A-53FF-4A06-B824-9AEBE5F1D79D}.Debug|x64.ActiveCfg = Debug|Any CPU
		{34C91C2A-53FF-4A06-B824-9AEBE5F1D79D}.Debug|x64.Build.0 = Debug|Any CPU
		{34C91C2A-53FF-4A06-B824-9AEBE5F1D79D}.Debug|x86.ActiveCfg = Debug|Any CPU
		{34C91C2A-53FF-4A06-B824-9AEBE5F1D79D}.Debug|x86.Build.0 = Debug|Any CPU
		{34C91C2A-53FF-4A06-B824-9AEBE5F1D79D}.Release|Any CPU.ActiveCfg = Release|Any CPU
		{34C91C2A-53FF-4A06-B824-9AEBE5F1D79D}.Release|Any CPU.Build.0 = Release|Any CPU
		{34C91C2A-53FF-4A06-B824-9AEBE5F1D79D}.Release|x64.ActiveCfg = Release|Any CPU
		{34C91C2A-53FF-4A06-B824-9AEBE5F1D79D}.Release|x64.Build.0 = Release|Any CPU
		{34C91C2A-53FF-4A06-B824-9AEBE5F1D79D}.Release|x86.ActiveCfg = Release|Any CPU
		{34C91C2A-53FF-4A06-B824-9AEBE5F1D79D}.Release|x86.Build.0 = Release|Any CPU
		{A1C9E24E-D07B-479A-A012-4AEEE38910D8}.Debug|Any CPU.ActiveCfg = Debug|Any CPU
		{A1C9E24E-D07B-479A-A012-4AEEE38910D8}.Debug|Any CPU.Build.0 = Debug|Any CPU
		{A1C9E24E-D07B-479A-A012-4AEEE38910D8}.Debug|x64.ActiveCfg = Debug|Any CPU
		{A1C9E24E-D07B-479A-A012-4AEEE38910D8}.Debug|x64.Build.0 = Debug|Any CPU
		{A1C9E24E-D07B-479A-A012-4AEEE38910D8}.Debug|x86.ActiveCfg = Debug|Any CPU
		{A1C9E24E-D07B-479A-A012-4AEEE38910D8}.Debug|x86.Build.0 = Debug|Any CPU
		{A1C9E24E-D07B-479A-A012-4AEEE38910D8}.Release|Any CPU.ActiveCfg = Release|Any CPU
		{A1C9E24E-D07B-479A-A012-4AEEE38910D8}.Release|Any CPU.Build.0 = Release|Any CPU
		{A1C9E24E-D07B-479A-A012-4AEEE38910D8}.Release|x64.ActiveCfg = Release|Any CPU
		{A1C9E24E-D07B-479A-A012-4AEEE38910D8}.Release|x64.Build.0 = Release|Any CPU
		{A1C9E24E-D07B-479A-A012-4AEEE38910D8}.Release|x86.ActiveCfg = Release|Any CPU
		{A1C9E24E-D07B-479A-A012-4AEEE38910D8}.Release|x86.Build.0 = Release|Any CPU
		{C1717795-CD78-4A7F-B37A-76B7BCB636C3}.Debug|Any CPU.ActiveCfg = Debug|Any CPU
		{C1717795-CD78-4A7F-B37A-76B7BCB636C3}.Debug|Any CPU.Build.0 = Debug|Any CPU
		{C1717795-CD78-4A7F-B37A-76B7BCB636C3}.Debug|x64.ActiveCfg = Debug|Any CPU
		{C1717795-CD78-4A7F-B37A-76B7BCB636C3}.Debug|x64.Build.0 = Debug|Any CPU
		{C1717795-CD78-4A7F-B37A-76B7BCB636C3}.Debug|x86.ActiveCfg = Debug|Any CPU
		{C1717795-CD78-4A7F-B37A-76B7BCB636C3}.Debug|x86.Build.0 = Debug|Any CPU
		{C1717795-CD78-4A7F-B37A-76B7BCB636C3}.Release|Any CPU.ActiveCfg = Release|Any CPU
		{C1717795-CD78-4A7F-B37A-76B7BCB636C3}.Release|Any CPU.Build.0 = Release|Any CPU
		{C1717795-CD78-4A7F-B37A-76B7BCB636C3}.Release|x64.ActiveCfg = Release|Any CPU
		{C1717795-CD78-4A7F-B37A-76B7BCB636C3}.Release|x64.Build.0 = Release|Any CPU
		{C1717795-CD78-4A7F-B37A-76B7BCB636C3}.Release|x86.ActiveCfg = Release|Any CPU
		{C1717795-CD78-4A7F-B37A-76B7BCB636C3}.Release|x86.Build.0 = Release|Any CPU
		{EADB5960-DC4B-466F-AF3F-11F28C444B6B}.Debug|Any CPU.ActiveCfg = Debug|Any CPU
		{EADB5960-DC4B-466F-AF3F-11F28C444B6B}.Debug|Any CPU.Build.0 = Debug|Any CPU
		{EADB5960-DC4B-466F-AF3F-11F28C444B6B}.Debug|x64.ActiveCfg = Debug|Any CPU
		{EADB5960-DC4B-466F-AF3F-11F28C444B6B}.Debug|x64.Build.0 = Debug|Any CPU
		{EADB5960-DC4B-466F-AF3F-11F28C444B6B}.Debug|x86.ActiveCfg = Debug|Any CPU
		{EADB5960-DC4B-466F-AF3F-11F28C444B6B}.Debug|x86.Build.0 = Debug|Any CPU
		{EADB5960-DC4B-466F-AF3F-11F28C444B6B}.Release|Any CPU.ActiveCfg = Release|Any CPU
		{EADB5960-DC4B-466F-AF3F-11F28C444B6B}.Release|Any CPU.Build.0 = Release|Any CPU
		{EADB5960-DC4B-466F-AF3F-11F28C444B6B}.Release|x64.ActiveCfg = Release|Any CPU
		{EADB5960-DC4B-466F-AF3F-11F28C444B6B}.Release|x64.Build.0 = Release|Any CPU
		{EADB5960-DC4B-466F-AF3F-11F28C444B6B}.Release|x86.ActiveCfg = Release|Any CPU
		{EADB5960-DC4B-466F-AF3F-11F28C444B6B}.Release|x86.Build.0 = Release|Any CPU
		{E075B47A-B0B6-44B9-AEE4-8286BDD19842}.Debug|Any CPU.ActiveCfg = Debug|Any CPU
		{E075B47A-B0B6-44B9-AEE4-8286BDD19842}.Debug|Any CPU.Build.0 = Debug|Any CPU
		{E075B47A-B0B6-44B9-AEE4-8286BDD19842}.Debug|x64.ActiveCfg = Debug|Any CPU
		{E075B47A-B0B6-44B9-AEE4-8286BDD19842}.Debug|x64.Build.0 = Debug|Any CPU
		{E075B47A-B0B6-44B9-AEE4-8286BDD19842}.Debug|x86.ActiveCfg = Debug|Any CPU
		{E075B47A-B0B6-44B9-AEE4-8286BDD19842}.Debug|x86.Build.0 = Debug|Any CPU
		{E075B47A-B0B6-44B9-AEE4-8286BDD19842}.Release|Any CPU.ActiveCfg = Release|Any CPU
		{E075B47A-B0B6-44B9-AEE4-8286BDD19842}.Release|Any CPU.Build.0 = Release|Any CPU
		{E075B47A-B0B6-44B9-AEE4-8286BDD19842}.Release|x64.ActiveCfg = Release|Any CPU
		{E075B47A-B0B6-44B9-AEE4-8286BDD19842}.Release|x64.Build.0 = Release|Any CPU
		{E075B47A-B0B6-44B9-AEE4-8286BDD19842}.Release|x86.ActiveCfg = Release|Any CPU
		{E075B47A-B0B6-44B9-AEE4-8286BDD19842}.Release|x86.Build.0 = Release|Any CPU
		{DCB220F2-9A7A-4210-91FC-B6B2B92D1316}.Debug|Any CPU.ActiveCfg = Debug|Any CPU
		{DCB220F2-9A7A-4210-91FC-B6B2B92D1316}.Debug|Any CPU.Build.0 = Debug|Any CPU
		{DCB220F2-9A7A-4210-91FC-B6B2B92D1316}.Debug|x64.ActiveCfg = Debug|Any CPU
		{DCB220F2-9A7A-4210-91FC-B6B2B92D1316}.Debug|x64.Build.0 = Debug|Any CPU
		{DCB220F2-9A7A-4210-91FC-B6B2B92D1316}.Debug|x86.ActiveCfg = Debug|Any CPU
		{DCB220F2-9A7A-4210-91FC-B6B2B92D1316}.Debug|x86.Build.0 = Debug|Any CPU
		{DCB220F2-9A7A-4210-91FC-B6B2B92D1316}.Release|Any CPU.ActiveCfg = Release|Any CPU
		{DCB220F2-9A7A-4210-91FC-B6B2B92D1316}.Release|Any CPU.Build.0 = Release|Any CPU
		{DCB220F2-9A7A-4210-91FC-B6B2B92D1316}.Release|x64.ActiveCfg = Release|Any CPU
		{DCB220F2-9A7A-4210-91FC-B6B2B92D1316}.Release|x64.Build.0 = Release|Any CPU
		{DCB220F2-9A7A-4210-91FC-B6B2B92D1316}.Release|x86.ActiveCfg = Release|Any CPU
		{DCB220F2-9A7A-4210-91FC-B6B2B92D1316}.Release|x86.Build.0 = Release|Any CPU
		{0E72012E-794C-4E98-B4FB-CE8438AC7F35}.Debug|Any CPU.ActiveCfg = Debug|Any CPU
		{0E72012E-794C-4E98-B4FB-CE8438AC7F35}.Debug|Any CPU.Build.0 = Debug|Any CPU
		{0E72012E-794C-4E98-B4FB-CE8438AC7F35}.Debug|x64.ActiveCfg = Debug|Any CPU
		{0E72012E-794C-4E98-B4FB-CE8438AC7F35}.Debug|x64.Build.0 = Debug|Any CPU
		{0E72012E-794C-4E98-B4FB-CE8438AC7F35}.Debug|x86.ActiveCfg = Debug|Any CPU
		{0E72012E-794C-4E98-B4FB-CE8438AC7F35}.Debug|x86.Build.0 = Debug|Any CPU
		{0E72012E-794C-4E98-B4FB-CE8438AC7F35}.Release|Any CPU.ActiveCfg = Release|Any CPU
		{0E72012E-794C-4E98-B4FB-CE8438AC7F35}.Release|Any CPU.Build.0 = Release|Any CPU
		{0E72012E-794C-4E98-B4FB-CE8438AC7F35}.Release|x64.ActiveCfg = Release|Any CPU
		{0E72012E-794C-4E98-B4FB-CE8438AC7F35}.Release|x64.Build.0 = Release|Any CPU
		{0E72012E-794C-4E98-B4FB-CE8438AC7F35}.Release|x86.ActiveCfg = Release|Any CPU
		{0E72012E-794C-4E98-B4FB-CE8438AC7F35}.Release|x86.Build.0 = Release|Any CPU
		{3F5312FF-F806-4903-A568-C9E17C77AE32}.Debug|Any CPU.ActiveCfg = Debug|Any CPU
		{3F5312FF-F806-4903-A568-C9E17C77AE32}.Debug|Any CPU.Build.0 = Debug|Any CPU
		{3F5312FF-F806-4903-A568-C9E17C77AE32}.Debug|x64.ActiveCfg = Debug|Any CPU
		{3F5312FF-F806-4903-A568-C9E17C77AE32}.Debug|x64.Build.0 = Debug|Any CPU
		{3F5312FF-F806-4903-A568-C9E17C77AE32}.Debug|x86.ActiveCfg = Debug|Any CPU
		{3F5312FF-F806-4903-A568-C9E17C77AE32}.Debug|x86.Build.0 = Debug|Any CPU
		{3F5312FF-F806-4903-A568-C9E17C77AE32}.Release|Any CPU.ActiveCfg = Release|Any CPU
		{3F5312FF-F806-4903-A568-C9E17C77AE32}.Release|Any CPU.Build.0 = Release|Any CPU
		{3F5312FF-F806-4903-A568-C9E17C77AE32}.Release|x64.ActiveCfg = Release|Any CPU
		{3F5312FF-F806-4903-A568-C9E17C77AE32}.Release|x64.Build.0 = Release|Any CPU
		{3F5312FF-F806-4903-A568-C9E17C77AE32}.Release|x86.ActiveCfg = Release|Any CPU
		{3F5312FF-F806-4903-A568-C9E17C77AE32}.Release|x86.Build.0 = Release|Any CPU
		{D2DD8C7A-98F0-48BC-8886-888AB9992D4A}.Debug|Any CPU.ActiveCfg = Debug|Any CPU
		{D2DD8C7A-98F0-48BC-8886-888AB9992D4A}.Debug|Any CPU.Build.0 = Debug|Any CPU
		{D2DD8C7A-98F0-48BC-8886-888AB9992D4A}.Debug|x64.ActiveCfg = Debug|Any CPU
		{D2DD8C7A-98F0-48BC-8886-888AB9992D4A}.Debug|x64.Build.0 = Debug|Any CPU
		{D2DD8C7A-98F0-48BC-8886-888AB9992D4A}.Debug|x86.ActiveCfg = Debug|Any CPU
		{D2DD8C7A-98F0-48BC-8886-888AB9992D4A}.Debug|x86.Build.0 = Debug|Any CPU
		{D2DD8C7A-98F0-48BC-8886-888AB9992D4A}.Release|Any CPU.ActiveCfg = Release|Any CPU
		{D2DD8C7A-98F0-48BC-8886-888AB9992D4A}.Release|Any CPU.Build.0 = Release|Any CPU
		{D2DD8C7A-98F0-48BC-8886-888AB9992D4A}.Release|x64.ActiveCfg = Release|Any CPU
		{D2DD8C7A-98F0-48BC-8886-888AB9992D4A}.Release|x64.Build.0 = Release|Any CPU
		{D2DD8C7A-98F0-48BC-8886-888AB9992D4A}.Release|x86.ActiveCfg = Release|Any CPU
		{D2DD8C7A-98F0-48BC-8886-888AB9992D4A}.Release|x86.Build.0 = Release|Any CPU
		{3A296805-AEDF-46D2-A2D2-B09E962DC0CF}.Debug|Any CPU.ActiveCfg = Debug|Any CPU
		{3A296805-AEDF-46D2-A2D2-B09E962DC0CF}.Debug|Any CPU.Build.0 = Debug|Any CPU
		{3A296805-AEDF-46D2-A2D2-B09E962DC0CF}.Debug|x64.ActiveCfg = Debug|Any CPU
		{3A296805-AEDF-46D2-A2D2-B09E962DC0CF}.Debug|x64.Build.0 = Debug|Any CPU
		{3A296805-AEDF-46D2-A2D2-B09E962DC0CF}.Debug|x86.ActiveCfg = Debug|Any CPU
		{3A296805-AEDF-46D2-A2D2-B09E962DC0CF}.Debug|x86.Build.0 = Debug|Any CPU
		{3A296805-AEDF-46D2-A2D2-B09E962DC0CF}.Release|Any CPU.ActiveCfg = Release|Any CPU
		{3A296805-AEDF-46D2-A2D2-B09E962DC0CF}.Release|Any CPU.Build.0 = Release|Any CPU
		{3A296805-AEDF-46D2-A2D2-B09E962DC0CF}.Release|x64.ActiveCfg = Release|Any CPU
		{3A296805-AEDF-46D2-A2D2-B09E962DC0CF}.Release|x64.Build.0 = Release|Any CPU
		{3A296805-AEDF-46D2-A2D2-B09E962DC0CF}.Release|x86.ActiveCfg = Release|Any CPU
		{3A296805-AEDF-46D2-A2D2-B09E962DC0CF}.Release|x86.Build.0 = Release|Any CPU
		{F4670B4D-C14D-45CB-81E1-920AB63836FC}.Debug|Any CPU.ActiveCfg = Debug|Any CPU
		{F4670B4D-C14D-45CB-81E1-920AB63836FC}.Debug|Any CPU.Build.0 = Debug|Any CPU
		{F4670B4D-C14D-45CB-81E1-920AB63836FC}.Debug|x64.ActiveCfg = Debug|Any CPU
		{F4670B4D-C14D-45CB-81E1-920AB63836FC}.Debug|x64.Build.0 = Debug|Any CPU
		{F4670B4D-C14D-45CB-81E1-920AB63836FC}.Debug|x86.ActiveCfg = Debug|Any CPU
		{F4670B4D-C14D-45CB-81E1-920AB63836FC}.Debug|x86.Build.0 = Debug|Any CPU
		{F4670B4D-C14D-45CB-81E1-920AB63836FC}.Release|Any CPU.ActiveCfg = Release|Any CPU
		{F4670B4D-C14D-45CB-81E1-920AB63836FC}.Release|Any CPU.Build.0 = Release|Any CPU
		{F4670B4D-C14D-45CB-81E1-920AB63836FC}.Release|x64.ActiveCfg = Release|Any CPU
		{F4670B4D-C14D-45CB-81E1-920AB63836FC}.Release|x64.Build.0 = Release|Any CPU
		{F4670B4D-C14D-45CB-81E1-920AB63836FC}.Release|x86.ActiveCfg = Release|Any CPU
		{F4670B4D-C14D-45CB-81E1-920AB63836FC}.Release|x86.Build.0 = Release|Any CPU
		{C2B39C45-8A7D-431B-A40C-F2F5993E984C}.Debug|Any CPU.ActiveCfg = Debug|Any CPU
		{C2B39C45-8A7D-431B-A40C-F2F5993E984C}.Debug|Any CPU.Build.0 = Debug|Any CPU
		{C2B39C45-8A7D-431B-A40C-F2F5993E984C}.Debug|x64.ActiveCfg = Debug|Any CPU
		{C2B39C45-8A7D-431B-A40C-F2F5993E984C}.Debug|x64.Build.0 = Debug|Any CPU
		{C2B39C45-8A7D-431B-A40C-F2F5993E984C}.Debug|x86.ActiveCfg = Debug|Any CPU
		{C2B39C45-8A7D-431B-A40C-F2F5993E984C}.Debug|x86.Build.0 = Debug|Any CPU
		{C2B39C45-8A7D-431B-A40C-F2F5993E984C}.Release|Any CPU.ActiveCfg = Release|Any CPU
		{C2B39C45-8A7D-431B-A40C-F2F5993E984C}.Release|Any CPU.Build.0 = Release|Any CPU
		{C2B39C45-8A7D-431B-A40C-F2F5993E984C}.Release|x64.ActiveCfg = Release|Any CPU
		{C2B39C45-8A7D-431B-A40C-F2F5993E984C}.Release|x64.Build.0 = Release|Any CPU
		{C2B39C45-8A7D-431B-A40C-F2F5993E984C}.Release|x86.ActiveCfg = Release|Any CPU
		{C2B39C45-8A7D-431B-A40C-F2F5993E984C}.Release|x86.Build.0 = Release|Any CPU
		{76708DD0-DE1D-4EFC-8B0C-232B79442E9F}.Debug|Any CPU.ActiveCfg = Debug|Any CPU
		{76708DD0-DE1D-4EFC-8B0C-232B79442E9F}.Debug|Any CPU.Build.0 = Debug|Any CPU
		{76708DD0-DE1D-4EFC-8B0C-232B79442E9F}.Debug|x64.ActiveCfg = Debug|Any CPU
		{76708DD0-DE1D-4EFC-8B0C-232B79442E9F}.Debug|x64.Build.0 = Debug|Any CPU
		{76708DD0-DE1D-4EFC-8B0C-232B79442E9F}.Debug|x86.ActiveCfg = Debug|Any CPU
		{76708DD0-DE1D-4EFC-8B0C-232B79442E9F}.Debug|x86.Build.0 = Debug|Any CPU
		{76708DD0-DE1D-4EFC-8B0C-232B79442E9F}.Release|Any CPU.ActiveCfg = Release|Any CPU
		{76708DD0-DE1D-4EFC-8B0C-232B79442E9F}.Release|Any CPU.Build.0 = Release|Any CPU
		{76708DD0-DE1D-4EFC-8B0C-232B79442E9F}.Release|x64.ActiveCfg = Release|Any CPU
		{76708DD0-DE1D-4EFC-8B0C-232B79442E9F}.Release|x64.Build.0 = Release|Any CPU
		{76708DD0-DE1D-4EFC-8B0C-232B79442E9F}.Release|x86.ActiveCfg = Release|Any CPU
		{76708DD0-DE1D-4EFC-8B0C-232B79442E9F}.Release|x86.Build.0 = Release|Any CPU
		{74A45DBB-B70D-45ED-A7D6-88D16F49713B}.Debug|Any CPU.ActiveCfg = Debug|Any CPU
		{74A45DBB-B70D-45ED-A7D6-88D16F49713B}.Debug|Any CPU.Build.0 = Debug|Any CPU
		{74A45DBB-B70D-45ED-A7D6-88D16F49713B}.Debug|x64.ActiveCfg = Debug|Any CPU
		{74A45DBB-B70D-45ED-A7D6-88D16F49713B}.Debug|x64.Build.0 = Debug|Any CPU
		{74A45DBB-B70D-45ED-A7D6-88D16F49713B}.Debug|x86.ActiveCfg = Debug|Any CPU
		{74A45DBB-B70D-45ED-A7D6-88D16F49713B}.Debug|x86.Build.0 = Debug|Any CPU
		{74A45DBB-B70D-45ED-A7D6-88D16F49713B}.Release|Any CPU.ActiveCfg = Release|Any CPU
		{74A45DBB-B70D-45ED-A7D6-88D16F49713B}.Release|Any CPU.Build.0 = Release|Any CPU
		{74A45DBB-B70D-45ED-A7D6-88D16F49713B}.Release|x64.ActiveCfg = Release|Any CPU
		{74A45DBB-B70D-45ED-A7D6-88D16F49713B}.Release|x64.Build.0 = Release|Any CPU
		{74A45DBB-B70D-45ED-A7D6-88D16F49713B}.Release|x86.ActiveCfg = Release|Any CPU
		{74A45DBB-B70D-45ED-A7D6-88D16F49713B}.Release|x86.Build.0 = Release|Any CPU
	EndGlobalSection
	GlobalSection(SolutionProperties) = preSolution
		HideSolutionNode = FALSE
	EndGlobalSection
EndGlobal
